
Microsoft Visual Studio Solution File, Format Version 12.00
# Visual Studio Version 17
VisualStudioVersion = 17.5.002.0
MinimumVisualStudioVersion = 10.0.40219.1
Project("{9A19103F-16F7-4668-BE54-9A1E7A4F7556}") = "az204-blob", "az204-blob.csproj", "{FE22D4FE-9CEB-4BEB-85E8-C203CD65AD85}"
EndProject
Global
	GlobalSection(SolutionConfigurationPlatforms) = preSolution
		Debug|Any CPU = Debug|Any CPU
		Release|Any CPU = Release|Any CPU
	EndGlobalSection
	GlobalSection(ProjectConfigurationPlatforms) = postSolution
		{FE22D4FE-9CEB-4BEB-85E8-C203CD65AD85}.Debug|Any CPU.ActiveCfg = Debug|Any CPU
		{FE22D4FE-9CEB-4BEB-85E8-C203CD65AD85}.Debug|Any CPU.Build.0 = Debug|Any CPU
		{FE22D4FE-9CEB-4BEB-85E8-C203CD65AD85}.Release|Any CPU.ActiveCfg = Release|Any CPU
		{FE22D4FE-9CEB-4BEB-85E8-C203CD65AD85}.Release|Any CPU.Build.0 = Release|Any CPU
	EndGlobalSection
	GlobalSection(SolutionProperties) = preSolution
		HideSolutionNode = FALSE
	EndGlobalSection
	GlobalSection(ExtensibilityGlobals) = postSolution
		SolutionGuid = {43FE0CF4-0A5E-4EBF-AE6F-0BBD32F8E494}
	EndGlobalSection
EndGlobal
